
Microsoft Visual Studio Solution File, Format Version 12.00
# Visual Studio Version 16
VisualStudioVersion = 16.0.29613.14
MinimumVisualStudioVersion = 10.0.40219.1
Project("{FAE04EC0-301F-11D3-BF4B-00C04F79EFBC}") = "StorageTest", "StorageTest\StorageTest.csproj", "{E0D6576F-1A41-40CC-9354-6D62ECFC911D}"
EndProject
Global
	GlobalSection(SolutionConfigurationPlatforms) = preSolution
		Debug|Any CPU = Debug|Any CPU
		Release|Any CPU = Release|Any CPU
	EndGlobalSection
	GlobalSection(ProjectConfigurationPlatforms) = postSolution
		{E0D6576F-1A41-40CC-9354-6D62ECFC911D}.Debug|Any CPU.ActiveCfg = Debug|Any CPU
		{E0D6576F-1A41-40CC-9354-6D62ECFC911D}.Debug|Any CPU.Build.0 = Debug|Any CPU
		{E0D6576F-1A41-40CC-9354-6D62ECFC911D}.Release|Any CPU.ActiveCfg = Release|Any CPU
		{E0D6576F-1A41-40CC-9354-6D62ECFC911D}.Release|Any CPU.Build.0 = Release|Any CPU
	EndGlobalSection
	GlobalSection(SolutionProperties) = preSolution
		HideSolutionNode = FALSE
	EndGlobalSection
	GlobalSection(ExtensibilityGlobals) = postSolution
		SolutionGuid = {81079454-0BCB-416F-A233-80E6AC8B1527}
	EndGlobalSection
EndGlobal
